
Microsoft Visual Studio Solution File, Format Version 12.00
# Visual Studio Version 17
VisualStudioVersion = 17.2.32630.192
MinimumVisualStudioVersion = 10.0.40219.1
Project("{FAE04EC0-301F-11D3-BF4B-00C04F79EFBC}") = "0785_App01", "0785_App01\0785_App01.csproj", "{DB95A171-D3D0-4844-A2DD-B0F20428F247}"
EndProject
Project("{FAE04EC0-301F-11D3-BF4B-00C04F79EFBC}") = "0785_App02", "0785_App02\0785_App02.csproj", "{BA2B0244-5887-47DB-8657-B2930413BE68}"
EndProject
Project("{FAE04EC0-301F-11D3-BF4B-00C04F79EFBC}") = "0785_App03", "0785_App_03\0785_App03.csproj", "{EC0FBBA9-2469-4E1B-A4EC-3A05442E9C93}"
EndProject
Global
	GlobalSection(SolutionConfigurationPlatforms) = preSolution
		Debug|Any CPU = Debug|Any CPU
		Release|Any CPU = Release|Any CPU
	EndGlobalSection
	GlobalSection(ProjectConfigurationPlatforms) = postSolution
		{DB95A171-D3D0-4844-A2DD-B0F20428F247}.Debug|Any CPU.ActiveCfg = Debug|Any CPU
		{DB95A171-D3D0-4844-A2DD-B0F20428F247}.Debug|Any CPU.Build.0 = Debug|Any CPU
		{DB95A171-D3D0-4844-A2DD-B0F20428F247}.Release|Any CPU.ActiveCfg = Release|Any CPU
		{DB95A171-D3D0-4844-A2DD-B0F20428F247}.Release|Any CPU.Build.0 = Release|Any CPU
		{BA2B0244-5887-47DB-8657-B2930413BE68}.Debug|Any CPU.ActiveCfg = Debug|Any CPU
		{BA2B0244-5887-47DB-8657-B2930413BE68}.Debug|Any CPU.Build.0 = Debug|Any CPU
		{BA2B0244-5887-47DB-8657-B2930413BE68}.Release|Any CPU.ActiveCfg = Release|Any CPU
		{BA2B0244-5887-47DB-8657-B2930413BE68}.Release|Any CPU.Build.0 = Release|Any CPU
		{EC0FBBA9-2469-4E1B-A4EC-3A05442E9C93}.Debug|Any CPU.ActiveCfg = Debug|Any CPU
		{EC0FBBA9-2469-4E1B-A4EC-3A05442E9C93}.Debug|Any CPU.Build.0 = Debug|Any CPU
		{EC0FBBA9-2469-4E1B-A4EC-3A05442E9C93}.Release|Any CPU.ActiveCfg = Release|Any CPU
		{EC0FBBA9-2469-4E1B-A4EC-3A05442E9C93}.Release|Any CPU.Build.0 = Release|Any CPU
	EndGlobalSection
	GlobalSection(SolutionProperties) = preSolution
		HideSolutionNode = FALSE
	EndGlobalSection
	GlobalSection(ExtensibilityGlobals) = postSolution
		SolutionGuid = {A2DCDE42-D71F-425D-A059-E7AE08135446}
	EndGlobalSection
EndGlobal
